
Microsoft Visual Studio Solution File, Format Version 12.00
# Visual Studio Version 16
VisualStudioVersion = 16.0.30523.141
MinimumVisualStudioVersion = 10.0.40219.1
Project("{FAE04EC0-301F-11D3-BF4B-00C04F79EFBC}") = "Lab1", "Lab1\Lab1.csproj", "{405E44A8-AC25-46F0-BF5E-3C4172B17748}"
EndProject
Global
	GlobalSection(SolutionConfigurationPlatforms) = preSolution
		Debug|Any CPU = Debug|Any CPU
		Release|Any CPU = Release|Any CPU
	EndGlobalSection
	GlobalSection(ProjectConfigurationPlatforms) = postSolution
		{405E44A8-AC25-46F0-BF5E-3C4172B17748}.Debug|Any CPU.ActiveCfg = Debug|Any CPU
		{405E44A8-AC25-46F0-BF5E-3C4172B17748}.Debug|Any CPU.Build.0 = Debug|Any CPU
		{405E44A8-AC25-46F0-BF5E-3C4172B17748}.Release|Any CPU.ActiveCfg = Release|Any CPU
		{405E44A8-AC25-46F0-BF5E-3C4172B17748}.Release|Any CPU.Build.0 = Release|Any CPU
	EndGlobalSection
	GlobalSection(SolutionProperties) = preSolution
		HideSolutionNode = FALSE
	EndGlobalSection
	GlobalSection(ExtensibilityGlobals) = postSolution
		SolutionGuid = {0BA3BDD4-276F-492B-9D4B-99FDCEE4FF8B}
	EndGlobalSection
EndGlobal
